{
  "pins" : [
    {
      "identity" : "networkkit",
      "kind" : "remoteSourceControl",
      "location" : "https://github.com/eelcokoelewijn/NetworkKit",
      "state" : {
        "revision" : "ee0b0e10702b2412ebb97fc1094ce0f1c0b61330",
        "version" : "1.4.3"
      }
    },
    {
      "identity" : "swift-argument-parser",
      "kind" : "remoteSourceControl",
      "location" : "https://github.com/apple/swift-argument-parser",
      "state" : {
        "revision" : "fddd1c00396eed152c45a46bea9f47b98e59301d",
        "version" : "1.2.0"
      }
    },
    {
      "identity" : "swiftformat",
      "kind" : "remoteSourceControl",
      "location" : "https://github.com/nicklockwood/SwiftFormat.git",
      "state" : {
        "revision" : "3a5a4b9baa2ad2f6bb528351807eefbf3b9c0786",
        "version" : "0.50.3"
      }
    }
  ],
  "version" : 2
}
