{
  "object": {
    "pins": [
      {
        "package": "NetworkKit",
        "repositoryURL": "https://github.com/eelcokoelewijn/NetworkKit",
        "state": {
          "branch": null,
          "revision": "c20dfdbc8de734826832e77142c0a5589de95fcf",
          "version": "1.2.0"
        }
      }
    ]
  },
  "version": 1
}
